
Microsoft Visual Studio Solution File, Format Version 12.00
# Visual Studio 2012
Project("{FAE04EC0-301F-11D3-BF4B-00C04F79EFBC}") = "sel-utils", "src\sel-utils.csproj", "{9835A9AC-DD06-452F-9ECA-5D8373934657}"
EndProject
Global
	GlobalSection(SolutionConfigurationPlatforms) = preSolution
		Debug|Any CPU = Debug|Any CPU
		Release|Any CPU = Release|Any CPU
	EndGlobalSection
	GlobalSection(ProjectConfigurationPlatforms) = postSolution
		{9835A9AC-DD06-452F-9ECA-5D8373934657}.Debug|Any CPU.ActiveCfg = Debug|Any CPU
		{9835A9AC-DD06-452F-9ECA-5D8373934657}.Debug|Any CPU.Build.0 = Debug|Any CPU
		{9835A9AC-DD06-452F-9ECA-5D8373934657}.Release|Any CPU.ActiveCfg = Release|Any CPU
		{9835A9AC-DD06-452F-9ECA-5D8373934657}.Release|Any CPU.Build.0 = Release|Any CPU
	EndGlobalSection
EndGlobal
